
Microsoft Visual Studio Solution File, Format Version 12.00
# Visual Studio Version 17
VisualStudioVersion = 17.10.34825.169
MinimumVisualStudioVersion = 10.0.40219.1
Project("{9A19103F-16F7-4668-BE54-9A1E7A4F7556}") = "LinearRegression", "src\LinearRegression\LinearRegression.csproj", "{6E2A1268-6D40-4F15-B1CF-29E2E6171069}"
EndProject
Project("{2150E333-8FDC-42A3-9474-1A3956D46DE8}") = "src", "src", "{F16916FA-80CA-42FB-9DD6-8D5661B0AE6C}"
EndProject
Project("{2150E333-8FDC-42A3-9474-1A3956D46DE8}") = "tests", "tests", "{2669284D-5053-4D69-991F-3FC2C94301EF}"
EndProject
Project("{2150E333-8FDC-42A3-9474-1A3956D46DE8}") = "libs", "libs", "{02F04DA2-5E0B-4268-BEE4-F999D565480B}"
EndProject
Project("{9A19103F-16F7-4668-BE54-9A1E7A4F7556}") = "FirstNeuralNetwork", "src\FirstNeuralNetwork\FirstNeuralNetwork.csproj", "{F516BB2E-D9F5-40C9-A18E-7D546FDA00FB}"
EndProject
Project("{9A19103F-16F7-4668-BE54-9A1E7A4F7556}") = "MachineLearning", "..\MachineLearning\src\MachineLearning\MachineLearning.csproj", "{58804AE8-C730-416E-9743-E6821E098B32}"
EndProject
Project("{9A19103F-16F7-4668-BE54-9A1E7A4F7556}") = "MachineLearning.Tests", "..\MachineLearning\tests\MachineLearning.Tests\MachineLearning.Tests.csproj", "{20436994-2052-4D2D-9C63-5566CA494A5A}"
EndProject
Project("{9A19103F-16F7-4668-BE54-9A1E7A4F7556}") = "NeuralNetworkTests", "src\NeuralNetworkTests\NeuralNetworkTests.csproj", "{9724511A-3424-4903-9995-E0B7CCBFE72D}"
EndProject
Project("{FAE04EC0-301F-11D3-BF4B-00C04F79EFBC}") = "MnistTests", "src\MnistTests\MnistTests.csproj", "{75FB1A0D-8F9E-459D-9D5F-687BC2B773D4}"
EndProject
Global
	GlobalSection(SolutionConfigurationPlatforms) = preSolution
		Debug|Any CPU = Debug|Any CPU
		Release|Any CPU = Release|Any CPU
	EndGlobalSection
	GlobalSection(ProjectConfigurationPlatforms) = postSolution
		{6E2A1268-6D40-4F15-B1CF-29E2E6171069}.Debug|Any CPU.ActiveCfg = Debug|Any CPU
		{6E2A1268-6D40-4F15-B1CF-29E2E6171069}.Debug|Any CPU.Build.0 = Debug|Any CPU
		{6E2A1268-6D40-4F15-B1CF-29E2E6171069}.Release|Any CPU.ActiveCfg = Release|Any CPU
		{6E2A1268-6D40-4F15-B1CF-29E2E6171069}.Release|Any CPU.Build.0 = Release|Any CPU
		{F516BB2E-D9F5-40C9-A18E-7D546FDA00FB}.Debug|Any CPU.ActiveCfg = Debug|Any CPU
		{F516BB2E-D9F5-40C9-A18E-7D546FDA00FB}.Debug|Any CPU.Build.0 = Debug|Any CPU
		{F516BB2E-D9F5-40C9-A18E-7D546FDA00FB}.Release|Any CPU.ActiveCfg = Release|Any CPU
		{F516BB2E-D9F5-40C9-A18E-7D546FDA00FB}.Release|Any CPU.Build.0 = Release|Any CPU
		{58804AE8-C730-416E-9743-E6821E098B32}.Debug|Any CPU.ActiveCfg = Debug|Any CPU
		{58804AE8-C730-416E-9743-E6821E098B32}.Debug|Any CPU.Build.0 = Debug|Any CPU
		{58804AE8-C730-416E-9743-E6821E098B32}.Release|Any CPU.ActiveCfg = Release|Any CPU
		{58804AE8-C730-416E-9743-E6821E098B32}.Release|Any CPU.Build.0 = Release|Any CPU
		{20436994-2052-4D2D-9C63-5566CA494A5A}.Debug|Any CPU.ActiveCfg = Debug|Any CPU
		{20436994-2052-4D2D-9C63-5566CA494A5A}.Debug|Any CPU.Build.0 = Debug|Any CPU
		{20436994-2052-4D2D-9C63-5566CA494A5A}.Release|Any CPU.ActiveCfg = Release|Any CPU
		{20436994-2052-4D2D-9C63-5566CA494A5A}.Release|Any CPU.Build.0 = Release|Any CPU
		{9724511A-3424-4903-9995-E0B7CCBFE72D}.Debug|Any CPU.ActiveCfg = Debug|Any CPU
		{9724511A-3424-4903-9995-E0B7CCBFE72D}.Debug|Any CPU.Build.0 = Debug|Any CPU
		{9724511A-3424-4903-9995-E0B7CCBFE72D}.Release|Any CPU.ActiveCfg = Release|Any CPU
		{9724511A-3424-4903-9995-E0B7CCBFE72D}.Release|Any CPU.Build.0 = Release|Any CPU
		{75FB1A0D-8F9E-459D-9D5F-687BC2B773D4}.Debug|Any CPU.ActiveCfg = Debug|Any CPU
		{75FB1A0D-8F9E-459D-9D5F-687BC2B773D4}.Debug|Any CPU.Build.0 = Debug|Any CPU
		{75FB1A0D-8F9E-459D-9D5F-687BC2B773D4}.Release|Any CPU.ActiveCfg = Release|Any CPU
		{75FB1A0D-8F9E-459D-9D5F-687BC2B773D4}.Release|Any CPU.Build.0 = Release|Any CPU
	EndGlobalSection
	GlobalSection(SolutionProperties) = preSolution
		HideSolutionNode = FALSE
	EndGlobalSection
	GlobalSection(NestedProjects) = preSolution
		{6E2A1268-6D40-4F15-B1CF-29E2E6171069} = {F16916FA-80CA-42FB-9DD6-8D5661B0AE6C}
		{F516BB2E-D9F5-40C9-A18E-7D546FDA00FB} = {F16916FA-80CA-42FB-9DD6-8D5661B0AE6C}
		{58804AE8-C730-416E-9743-E6821E098B32} = {02F04DA2-5E0B-4268-BEE4-F999D565480B}
		{20436994-2052-4D2D-9C63-5566CA494A5A} = {2669284D-5053-4D69-991F-3FC2C94301EF}
		{9724511A-3424-4903-9995-E0B7CCBFE72D} = {F16916FA-80CA-42FB-9DD6-8D5661B0AE6C}
		{75FB1A0D-8F9E-459D-9D5F-687BC2B773D4} = {F16916FA-80CA-42FB-9DD6-8D5661B0AE6C}
	EndGlobalSection
	GlobalSection(ExtensibilityGlobals) = postSolution
		SolutionGuid = {39E8FE5A-10A3-424C-864A-6E0F891E2A00}
	EndGlobalSection
EndGlobal
