
Microsoft Visual Studio Solution File, Format Version 12.00
# Visual Studio Version 17
VisualStudioVersion = 17.10.34825.169
MinimumVisualStudioVersion = 10.0.40219.1
Project("{FAE04EC0-301F-11D3-BF4B-00C04F79EFBC}") = "LinearRegression", "src\LinearRegression\LinearRegression.csproj", "{6E2A1268-6D40-4F15-B1CF-29E2E6171069}"
EndProject
Global
	GlobalSection(SolutionConfigurationPlatforms) = preSolution
		Debug|Any CPU = Debug|Any CPU
		Release|Any CPU = Release|Any CPU
	EndGlobalSection
	GlobalSection(ProjectConfigurationPlatforms) = postSolution
		{6E2A1268-6D40-4F15-B1CF-29E2E6171069}.Debug|Any CPU.ActiveCfg = Debug|Any CPU
		{6E2A1268-6D40-4F15-B1CF-29E2E6171069}.Debug|Any CPU.Build.0 = Debug|Any CPU
		{6E2A1268-6D40-4F15-B1CF-29E2E6171069}.Release|Any CPU.ActiveCfg = Release|Any CPU
		{6E2A1268-6D40-4F15-B1CF-29E2E6171069}.Release|Any CPU.Build.0 = Release|Any CPU
	EndGlobalSection
	GlobalSection(SolutionProperties) = preSolution
		HideSolutionNode = FALSE
	EndGlobalSection
	GlobalSection(ExtensibilityGlobals) = postSolution
		SolutionGuid = {39E8FE5A-10A3-424C-864A-6E0F891E2A00}
	EndGlobalSection
EndGlobal
